
Microsoft Visual Studio Solution File, Format Version 12.00
# Visual Studio Version 17
VisualStudioVersion = 17.1.32228.430
MinimumVisualStudioVersion = 10.0.40219.1
Project("{FAE04EC0-301F-11D3-BF4B-00C04F79EFBC}") = "CarBlog2", "CarBlog2\CarBlog2.csproj", "{70D8533E-7DC2-425A-A38E-2F43DB490BEB}"
EndProject
Global
	GlobalSection(SolutionConfigurationPlatforms) = preSolution
		Debug|Any CPU = Debug|Any CPU
		Release|Any CPU = Release|Any CPU
	EndGlobalSection
	GlobalSection(ProjectConfigurationPlatforms) = postSolution
		{70D8533E-7DC2-425A-A38E-2F43DB490BEB}.Debug|Any CPU.ActiveCfg = Debug|Any CPU
		{70D8533E-7DC2-425A-A38E-2F43DB490BEB}.Debug|Any CPU.Build.0 = Debug|Any CPU
		{70D8533E-7DC2-425A-A38E-2F43DB490BEB}.Release|Any CPU.ActiveCfg = Release|Any CPU
		{70D8533E-7DC2-425A-A38E-2F43DB490BEB}.Release|Any CPU.Build.0 = Release|Any CPU
	EndGlobalSection
	GlobalSection(SolutionProperties) = preSolution
		HideSolutionNode = FALSE
	EndGlobalSection
	GlobalSection(ExtensibilityGlobals) = postSolution
		SolutionGuid = {78B47753-F877-4F13-8442-82F1B07BC968}
	EndGlobalSection
EndGlobal
